# This file was autogenerated by Stack.
# You should not edit this file by hand.
# For more information, please see the documentation at:
#   https://docs.haskellstack.org/en/stable/lock_files

packages:
- completed:
    hackage: resourcet-effectful-1.0.1.0@sha256:13f94c9832d0d1573abbabcddc5c3aa3c341973d1d442445795593e355e7803e,2115
    pantry-tree:
      sha256: ef0db7bdeca5df1e722958cf5c8f3205ed5bf92b111e0fbc5d1a3c592d1c210e
      size: 283
  original:
    hackage: resourcet-effectful-1.0.1.0
snapshots:
- completed:
    sha256: 5e44cb81460cd2f90011ab6868958d58bde10f63babf4847a56118450b51221e
    size: 683836
    url: https://raw.githubusercontent.com/commercialhaskell/stackage-snapshots/master/lts/23/23.yaml
  original:
    url: https://raw.githubusercontent.com/commercialhaskell/stackage-snapshots/master/lts/23/23.yaml
